
Microsoft Visual Studio Solution File, Format Version 10.00
# Visual Studio 2008
Project("{8BC9CEB8-8B4A-11D0-8D11-00A0C91BC942}") = "avian-win32", "avian-win32.vcproj", "{517ECFE1-5300-4CCF-87BC-87FAE4DC87D4}"
EndProject
Project("{8BC9CEB8-8B4A-11D0-8D11-00A0C91BC942}") = "avian-wince", "avian-wince.vcproj", "{FA4BE431-A875-42C7-B061-2DBD8DD67FD5}"
	ProjectSection(ProjectDependencies) = postProject
		{A8D82471-9134-4308-B7BA-C7E692823276} = {A8D82471-9134-4308-B7BA-C7E692823276}
	EndProjectSection
EndProject
Project("{8BC9CEB8-8B4A-11D0-8D11-00A0C91BC942}") = "avian-wince-dll", "avian-wince-dll.vcproj", "{A8D82471-9134-4308-B7BA-C7E692823276}"
EndProject
Project("{8BC9CEB8-8B4A-11D0-8D11-00A0C91BC942}") = "avian-wince-dynamic", "avian-wince-dynamic.vcproj", "{5FAC67B2-A6CC-458A-A339-F57D3332003A}"
	ProjectSection(ProjectDependencies) = postProject
		{A8D82471-9134-4308-B7BA-C7E692823276} = {A8D82471-9134-4308-B7BA-C7E692823276}
	EndProjectSection
EndProject
Project("{8BC9CEB8-8B4A-11D0-8D11-00A0C91BC942}") = "avian-generator", "avian-generator.vcproj", "{9EC038D8-343C-46BE-82AF-8BDC7502CC49}"
EndProject
Project("{8BC9CEB8-8B4A-11D0-8D11-00A0C91BC942}") = "avian-wince-dll-interpret", "avian-wince-dll-interpret.vcproj", "{F61B4F46-1A27-4074-A690-9CDD7D8EFE6E}"
EndProject
Project("{8BC9CEB8-8B4A-11D0-8D11-00A0C91BC942}") = "avian-win32-dll", "avian-win32-dll.vcproj", "{28065F6A-4960-44A3-B474-3D5020BC944D}"
EndProject
Project("{8BC9CEB8-8B4A-11D0-8D11-00A0C91BC942}") = "avian-win32-dynamic", "avian-win32-dynamic.vcproj", "{5406D4A9-7FE4-4AF0-88BC-02050D91DD40}"
EndProject
Global
	GlobalSection(SolutionConfigurationPlatforms) = preSolution
		Debug|Mixed Platforms = Debug|Mixed Platforms
		Debug|Win32 = Debug|Win32
		Debug|Windows Mobile 5.0 Pocket PC SDK (ARMV4I) = Debug|Windows Mobile 5.0 Pocket PC SDK (ARMV4I)
		Release|Mixed Platforms = Release|Mixed Platforms
		Release|Win32 = Release|Win32
		Release|Windows Mobile 5.0 Pocket PC SDK (ARMV4I) = Release|Windows Mobile 5.0 Pocket PC SDK (ARMV4I)
	EndGlobalSection
	GlobalSection(ProjectConfigurationPlatforms) = postSolution
		{517ECFE1-5300-4CCF-87BC-87FAE4DC87D4}.Debug|Mixed Platforms.ActiveCfg = Debug|Win32
		{517ECFE1-5300-4CCF-87BC-87FAE4DC87D4}.Debug|Mixed Platforms.Build.0 = Debug|Win32
		{517ECFE1-5300-4CCF-87BC-87FAE4DC87D4}.Debug|Mixed Platforms.Deploy.0 = Debug|Win32
		{517ECFE1-5300-4CCF-87BC-87FAE4DC87D4}.Debug|Win32.ActiveCfg = Debug|Win32
		{517ECFE1-5300-4CCF-87BC-87FAE4DC87D4}.Debug|Win32.Build.0 = Debug|Win32
		{517ECFE1-5300-4CCF-87BC-87FAE4DC87D4}.Debug|Windows Mobile 5.0 Pocket PC SDK (ARMV4I).ActiveCfg = Debug|Win32
		{517ECFE1-5300-4CCF-87BC-87FAE4DC87D4}.Release|Mixed Platforms.ActiveCfg = Release|Win32
		{517ECFE1-5300-4CCF-87BC-87FAE4DC87D4}.Release|Mixed Platforms.Build.0 = Release|Win32
		{517ECFE1-5300-4CCF-87BC-87FAE4DC87D4}.Release|Win32.ActiveCfg = Release|Win32
		{517ECFE1-5300-4CCF-87BC-87FAE4DC87D4}.Release|Win32.Build.0 = Release|Win32
		{517ECFE1-5300-4CCF-87BC-87FAE4DC87D4}.Release|Windows Mobile 5.0 Pocket PC SDK (ARMV4I).ActiveCfg = Release|Win32
		{FA4BE431-A875-42C7-B061-2DBD8DD67FD5}.Debug|Mixed Platforms.ActiveCfg = Debug|Windows Mobile 5.0 Pocket PC SDK (ARMV4I)
		{FA4BE431-A875-42C7-B061-2DBD8DD67FD5}.Debug|Mixed Platforms.Build.0 = Debug|Windows Mobile 5.0 Pocket PC SDK (ARMV4I)
		{FA4BE431-A875-42C7-B061-2DBD8DD67FD5}.Debug|Mixed Platforms.Deploy.0 = Debug|Windows Mobile 5.0 Pocket PC SDK (ARMV4I)
		{FA4BE431-A875-42C7-B061-2DBD8DD67FD5}.Debug|Win32.ActiveCfg = Debug|Windows Mobile 5.0 Pocket PC SDK (ARMV4I)
		{FA4BE431-A875-42C7-B061-2DBD8DD67FD5}.Debug|Windows Mobile 5.0 Pocket PC SDK (ARMV4I).ActiveCfg = Debug|Windows Mobile 5.0 Pocket PC SDK (ARMV4I)
		{FA4BE431-A875-42C7-B061-2DBD8DD67FD5}.Debug|Windows Mobile 5.0 Pocket PC SDK (ARMV4I).Build.0 = Debug|Windows Mobile 5.0 Pocket PC SDK (ARMV4I)
		{FA4BE431-A875-42C7-B061-2DBD8DD67FD5}.Debug|Windows Mobile 5.0 Pocket PC SDK (ARMV4I).Deploy.0 = Debug|Windows Mobile 5.0 Pocket PC SDK (ARMV4I)
		{FA4BE431-A875-42C7-B061-2DBD8DD67FD5}.Release|Mixed Platforms.ActiveCfg = Release|Windows Mobile 5.0 Pocket PC SDK (ARMV4I)
		{FA4BE431-A875-42C7-B061-2DBD8DD67FD5}.Release|Mixed Platforms.Build.0 = Release|Windows Mobile 5.0 Pocket PC SDK (ARMV4I)
		{FA4BE431-A875-42C7-B061-2DBD8DD67FD5}.Release|Mixed Platforms.Deploy.0 = Release|Windows Mobile 5.0 Pocket PC SDK (ARMV4I)
		{FA4BE431-A875-42C7-B061-2DBD8DD67FD5}.Release|Win32.ActiveCfg = Release|Windows Mobile 5.0 Pocket PC SDK (ARMV4I)
		{FA4BE431-A875-42C7-B061-2DBD8DD67FD5}.Release|Windows Mobile 5.0 Pocket PC SDK (ARMV4I).ActiveCfg = Release|Windows Mobile 5.0 Pocket PC SDK (ARMV4I)
		{FA4BE431-A875-42C7-B061-2DBD8DD67FD5}.Release|Windows Mobile 5.0 Pocket PC SDK (ARMV4I).Build.0 = Release|Windows Mobile 5.0 Pocket PC SDK (ARMV4I)
		{FA4BE431-A875-42C7-B061-2DBD8DD67FD5}.Release|Windows Mobile 5.0 Pocket PC SDK (ARMV4I).Deploy.0 = Release|Windows Mobile 5.0 Pocket PC SDK (ARMV4I)
		{A8D82471-9134-4308-B7BA-C7E692823276}.Debug|Mixed Platforms.ActiveCfg = Debug|Windows Mobile 5.0 Pocket PC SDK (ARMV4I)
		{A8D82471-9134-4308-B7BA-C7E692823276}.Debug|Mixed Platforms.Build.0 = Debug|Windows Mobile 5.0 Pocket PC SDK (ARMV4I)
		{A8D82471-9134-4308-B7BA-C7E692823276}.Debug|Mixed Platforms.Deploy.0 = Debug|Windows Mobile 5.0 Pocket PC SDK (ARMV4I)
		{A8D82471-9134-4308-B7BA-C7E692823276}.Debug|Win32.ActiveCfg = Debug|Windows Mobile 5.0 Pocket PC SDK (ARMV4I)
		{A8D82471-9134-4308-B7BA-C7E692823276}.Debug|Windows Mobile 5.0 Pocket PC SDK (ARMV4I).ActiveCfg = Debug|Windows Mobile 5.0 Pocket PC SDK (ARMV4I)
		{A8D82471-9134-4308-B7BA-C7E692823276}.Debug|Windows Mobile 5.0 Pocket PC SDK (ARMV4I).Build.0 = Debug|Windows Mobile 5.0 Pocket PC SDK (ARMV4I)
		{A8D82471-9134-4308-B7BA-C7E692823276}.Debug|Windows Mobile 5.0 Pocket PC SDK (ARMV4I).Deploy.0 = Debug|Windows Mobile 5.0 Pocket PC SDK (ARMV4I)
		{A8D82471-9134-4308-B7BA-C7E692823276}.Release|Mixed Platforms.ActiveCfg = Release|Windows Mobile 5.0 Pocket PC SDK (ARMV4I)
		{A8D82471-9134-4308-B7BA-C7E692823276}.Release|Mixed Platforms.Build.0 = Release|Windows Mobile 5.0 Pocket PC SDK (ARMV4I)
		{A8D82471-9134-4308-B7BA-C7E692823276}.Release|Mixed Platforms.Deploy.0 = Release|Windows Mobile 5.0 Pocket PC SDK (ARMV4I)
		{A8D82471-9134-4308-B7BA-C7E692823276}.Release|Win32.ActiveCfg = Release|Windows Mobile 5.0 Pocket PC SDK (ARMV4I)
		{A8D82471-9134-4308-B7BA-C7E692823276}.Release|Windows Mobile 5.0 Pocket PC SDK (ARMV4I).ActiveCfg = Release|Windows Mobile 5.0 Pocket PC SDK (ARMV4I)
		{A8D82471-9134-4308-B7BA-C7E692823276}.Release|Windows Mobile 5.0 Pocket PC SDK (ARMV4I).Build.0 = Release|Windows Mobile 5.0 Pocket PC SDK (ARMV4I)
		{A8D82471-9134-4308-B7BA-C7E692823276}.Release|Windows Mobile 5.0 Pocket PC SDK (ARMV4I).Deploy.0 = Release|Windows Mobile 5.0 Pocket PC SDK (ARMV4I)
		{5FAC67B2-A6CC-458A-A339-F57D3332003A}.Debug|Mixed Platforms.ActiveCfg = Debug|Windows Mobile 5.0 Pocket PC SDK (ARMV4I)
		{5FAC67B2-A6CC-458A-A339-F57D3332003A}.Debug|Mixed Platforms.Build.0 = Debug|Windows Mobile 5.0 Pocket PC SDK (ARMV4I)
		{5FAC67B2-A6CC-458A-A339-F57D3332003A}.Debug|Mixed Platforms.Deploy.0 = Debug|Windows Mobile 5.0 Pocket PC SDK (ARMV4I)
		{5FAC67B2-A6CC-458A-A339-F57D3332003A}.Debug|Win32.ActiveCfg = Debug|Windows Mobile 5.0 Pocket PC SDK (ARMV4I)
		{5FAC67B2-A6CC-458A-A339-F57D3332003A}.Debug|Windows Mobile 5.0 Pocket PC SDK (ARMV4I).ActiveCfg = Debug|Windows Mobile 5.0 Pocket PC SDK (ARMV4I)
		{5FAC67B2-A6CC-458A-A339-F57D3332003A}.Debug|Windows Mobile 5.0 Pocket PC SDK (ARMV4I).Build.0 = Debug|Windows Mobile 5.0 Pocket PC SDK (ARMV4I)
		{5FAC67B2-A6CC-458A-A339-F57D3332003A}.Debug|Windows Mobile 5.0 Pocket PC SDK (ARMV4I).Deploy.0 = Debug|Windows Mobile 5.0 Pocket PC SDK (ARMV4I)
		{5FAC67B2-A6CC-458A-A339-F57D3332003A}.Release|Mixed Platforms.ActiveCfg = Release|Windows Mobile 5.0 Pocket PC SDK (ARMV4I)
		{5FAC67B2-A6CC-458A-A339-F57D3332003A}.Release|Mixed Platforms.Build.0 = Release|Windows Mobile 5.0 Pocket PC SDK (ARMV4I)
		{5FAC67B2-A6CC-458A-A339-F57D3332003A}.Release|Mixed Platforms.Deploy.0 = Release|Windows Mobile 5.0 Pocket PC SDK (ARMV4I)
		{5FAC67B2-A6CC-458A-A339-F57D3332003A}.Release|Win32.ActiveCfg = Release|Windows Mobile 5.0 Pocket PC SDK (ARMV4I)
		{5FAC67B2-A6CC-458A-A339-F57D3332003A}.Release|Windows Mobile 5.0 Pocket PC SDK (ARMV4I).ActiveCfg = Release|Windows Mobile 5.0 Pocket PC SDK (ARMV4I)
		{5FAC67B2-A6CC-458A-A339-F57D3332003A}.Release|Windows Mobile 5.0 Pocket PC SDK (ARMV4I).Build.0 = Release|Windows Mobile 5.0 Pocket PC SDK (ARMV4I)
		{5FAC67B2-A6CC-458A-A339-F57D3332003A}.Release|Windows Mobile 5.0 Pocket PC SDK (ARMV4I).Deploy.0 = Release|Windows Mobile 5.0 Pocket PC SDK (ARMV4I)
		{9EC038D8-343C-46BE-82AF-8BDC7502CC49}.Debug|Mixed Platforms.ActiveCfg = Debug|Win32
		{9EC038D8-343C-46BE-82AF-8BDC7502CC49}.Debug|Mixed Platforms.Build.0 = Debug|Win32
		{9EC038D8-343C-46BE-82AF-8BDC7502CC49}.Debug|Win32.ActiveCfg = Debug|Win32
		{9EC038D8-343C-46BE-82AF-8BDC7502CC49}.Debug|Win32.Build.0 = Debug|Win32
		{9EC038D8-343C-46BE-82AF-8BDC7502CC49}.Debug|Windows Mobile 5.0 Pocket PC SDK (ARMV4I).ActiveCfg = Debug|Win32
		{9EC038D8-343C-46BE-82AF-8BDC7502CC49}.Release|Mixed Platforms.ActiveCfg = Release|Win32
		{9EC038D8-343C-46BE-82AF-8BDC7502CC49}.Release|Mixed Platforms.Build.0 = Release|Win32
		{9EC038D8-343C-46BE-82AF-8BDC7502CC49}.Release|Win32.ActiveCfg = Release|Win32
		{9EC038D8-343C-46BE-82AF-8BDC7502CC49}.Release|Win32.Build.0 = Release|Win32
		{9EC038D8-343C-46BE-82AF-8BDC7502CC49}.Release|Windows Mobile 5.0 Pocket PC SDK (ARMV4I).ActiveCfg = Release|Win32
		{F61B4F46-1A27-4074-A690-9CDD7D8EFE6E}.Debug|Mixed Platforms.ActiveCfg = Debug|Windows Mobile 5.0 Pocket PC SDK (ARMV4I)
		{F61B4F46-1A27-4074-A690-9CDD7D8EFE6E}.Debug|Mixed Platforms.Build.0 = Debug|Windows Mobile 5.0 Pocket PC SDK (ARMV4I)
		{F61B4F46-1A27-4074-A690-9CDD7D8EFE6E}.Debug|Mixed Platforms.Deploy.0 = Debug|Windows Mobile 5.0 Pocket PC SDK (ARMV4I)
		{F61B4F46-1A27-4074-A690-9CDD7D8EFE6E}.Debug|Win32.ActiveCfg = Debug|Windows Mobile 5.0 Pocket PC SDK (ARMV4I)
		{F61B4F46-1A27-4074-A690-9CDD7D8EFE6E}.Debug|Windows Mobile 5.0 Pocket PC SDK (ARMV4I).ActiveCfg = Debug|Windows Mobile 5.0 Pocket PC SDK (ARMV4I)
		{F61B4F46-1A27-4074-A690-9CDD7D8EFE6E}.Debug|Windows Mobile 5.0 Pocket PC SDK (ARMV4I).Build.0 = Debug|Windows Mobile 5.0 Pocket PC SDK (ARMV4I)
		{F61B4F46-1A27-4074-A690-9CDD7D8EFE6E}.Debug|Windows Mobile 5.0 Pocket PC SDK (ARMV4I).Deploy.0 = Debug|Windows Mobile 5.0 Pocket PC SDK (ARMV4I)
		{F61B4F46-1A27-4074-A690-9CDD7D8EFE6E}.Release|Mixed Platforms.ActiveCfg = Release|Windows Mobile 5.0 Pocket PC SDK (ARMV4I)
		{F61B4F46-1A27-4074-A690-9CDD7D8EFE6E}.Release|Mixed Platforms.Build.0 = Release|Windows Mobile 5.0 Pocket PC SDK (ARMV4I)
		{F61B4F46-1A27-4074-A690-9CDD7D8EFE6E}.Release|Mixed Platforms.Deploy.0 = Release|Windows Mobile 5.0 Pocket PC SDK (ARMV4I)
		{F61B4F46-1A27-4074-A690-9CDD7D8EFE6E}.Release|Win32.ActiveCfg = Release|Windows Mobile 5.0 Pocket PC SDK (ARMV4I)
		{F61B4F46-1A27-4074-A690-9CDD7D8EFE6E}.Release|Windows Mobile 5.0 Pocket PC SDK (ARMV4I).ActiveCfg = Release|Windows Mobile 5.0 Pocket PC SDK (ARMV4I)
		{F61B4F46-1A27-4074-A690-9CDD7D8EFE6E}.Release|Windows Mobile 5.0 Pocket PC SDK (ARMV4I).Build.0 = Release|Windows Mobile 5.0 Pocket PC SDK (ARMV4I)
		{F61B4F46-1A27-4074-A690-9CDD7D8EFE6E}.Release|Windows Mobile 5.0 Pocket PC SDK (ARMV4I).Deploy.0 = Release|Windows Mobile 5.0 Pocket PC SDK (ARMV4I)
		{28065F6A-4960-44A3-B474-3D5020BC944D}.Debug|Mixed Platforms.ActiveCfg = Debug|Win32
		{28065F6A-4960-44A3-B474-3D5020BC944D}.Debug|Mixed Platforms.Build.0 = Debug|Win32
		{28065F6A-4960-44A3-B474-3D5020BC944D}.Debug|Win32.ActiveCfg = Debug|Win32
		{28065F6A-4960-44A3-B474-3D5020BC944D}.Debug|Win32.Build.0 = Debug|Win32
		{28065F6A-4960-44A3-B474-3D5020BC944D}.Debug|Windows Mobile 5.0 Pocket PC SDK (ARMV4I).ActiveCfg = Debug|Win32
		{28065F6A-4960-44A3-B474-3D5020BC944D}.Release|Mixed Platforms.ActiveCfg = Release|Win32
		{28065F6A-4960-44A3-B474-3D5020BC944D}.Release|Mixed Platforms.Build.0 = Release|Win32
		{28065F6A-4960-44A3-B474-3D5020BC944D}.Release|Win32.ActiveCfg = Release|Win32
		{28065F6A-4960-44A3-B474-3D5020BC944D}.Release|Win32.Build.0 = Release|Win32
		{28065F6A-4960-44A3-B474-3D5020BC944D}.Release|Windows Mobile 5.0 Pocket PC SDK (ARMV4I).ActiveCfg = Release|Win32
		{5406D4A9-7FE4-4AF0-88BC-02050D91DD40}.Debug|Mixed Platforms.ActiveCfg = Debug|Win32
		{5406D4A9-7FE4-4AF0-88BC-02050D91DD40}.Debug|Mixed Platforms.Build.0 = Debug|Win32
		{5406D4A9-7FE4-4AF0-88BC-02050D91DD40}.Debug|Win32.ActiveCfg = Debug|Win32
		{5406D4A9-7FE4-4AF0-88BC-02050D91DD40}.Debug|Win32.Build.0 = Debug|Win32
		{5406D4A9-7FE4-4AF0-88BC-02050D91DD40}.Debug|Windows Mobile 5.0 Pocket PC SDK (ARMV4I).ActiveCfg = Debug|Win32
		{5406D4A9-7FE4-4AF0-88BC-02050D91DD40}.Release|Mixed Platforms.ActiveCfg = Release|Win32
		{5406D4A9-7FE4-4AF0-88BC-02050D91DD40}.Release|Mixed Platforms.Build.0 = Release|Win32
		{5406D4A9-7FE4-4AF0-88BC-02050D91DD40}.Release|Win32.ActiveCfg = Release|Win32
		{5406D4A9-7FE4-4AF0-88BC-02050D91DD40}.Release|Win32.Build.0 = Release|Win32
		{5406D4A9-7FE4-4AF0-88BC-02050D91DD40}.Release|Windows Mobile 5.0 Pocket PC SDK (ARMV4I).ActiveCfg = Release|Win32
	EndGlobalSection
	GlobalSection(SolutionProperties) = preSolution
		HideSolutionNode = FALSE
	EndGlobalSection
EndGlobal
